// !$*UTF8*$!
{
	archiveVersion = 1;
	classes = {
	};
	objectVersion = 46;
	objects = {

/* Begin PBXBuildFile section */
		8905DF201FFF5438004EEAA5 /* AppDelegate.swift in Sources */ = {isa = PBXBuildFile; fileRef = 8905DF1F1FFF5438004EEAA5 /* AppDelegate.swift */; };
		8905DF221FFF5438004EEAA5 /* ViewController.swift in Sources */ = {isa = PBXBuildFile; fileRef = 8905DF211FFF5438004EEAA5 /* ViewController.swift */; };
		8905DF251FFF5438004EEAA5 /* Main.storyboard in Resources */ = {isa = PBXBuildFile; fileRef = 8905DF231FFF5438004EEAA5 /* Main.storyboard */; };
		8905DF281FFF5438004EEAA5 /* big1.xcdatamodeld in Sources */ = {isa = PBXBuildFile; fileRef = 8905DF261FFF5438004EEAA5 /* big1.xcdatamodeld */; };
		8905DF2A1FFF5438004EEAA5 /* Assets.xcassets in Resources */ = {isa = PBXBuildFile; fileRef = 8905DF291FFF5438004EEAA5 /* Assets.xcassets */; };
		8905DF2D1FFF5438004EEAA5 /* LaunchScreen.storyboard in Resources */ = {isa = PBXBuildFile; fileRef = 8905DF2B1FFF5438004EEAA5 /* LaunchScreen.storyboard */; };
		8905DF381FFF5438004EEAA5 /* big1Tests.swift in Sources */ = {isa = PBXBuildFile; fileRef = 8905DF371FFF5438004EEAA5 /* big1Tests.swift */; };
		8905DF431FFF5438004EEAA5 /* big1UITests.swift in Sources */ = {isa = PBXBuildFile; fileRef = 8905DF421FFF5438004EEAA5 /* big1UITests.swift */; };
		B452258A1FFF54FB000C83DD /* NewViewController.swift in Sources */ = {isa = PBXBuildFile; fileRef = B45225891FFF54FB000C83DD /* NewViewController.swift */; };
/* End PBXBuildFile section */

/* Begin PBXContainerItemProxy section */
		8905DF341FFF5438004EEAA5 /* PBXContainerItemProxy */ = {
			isa = PBXContainerItemProxy;
			containerPortal = 8905DF141FFF5438004EEAA5 /* Project object */;
			proxyType = 1;
			remoteGlobalIDString = 8905DF1B1FFF5438004EEAA5;
			remoteInfo = big1;
		};
		8905DF3F1FFF5438004EEAA5 /* PBXContainerItemProxy */ = {
			isa = PBXContainerItemProxy;
			containerPortal = 8905DF141FFF5438004EEAA5 /* Project object */;
			proxyType = 1;
			remoteGlobalIDString = 8905DF1B1FFF5438004EEAA5;
			remoteInfo = big1;
		};
/* End PBXContainerItemProxy section */

/* Begin PBXFileReference section */
		8905DF1C1FFF5438004EEAA5 /* big1.app */ = {isa = PBXFileReference; explicitFileType = wrapper.application; includeInIndex = 0; path = big1.app; sourceTree = BUILT_PRODUCTS_DIR; };
		8905DF1F1FFF5438004EEAA5 /* AppDelegate.swift */ = {isa = PBXFileReference; lastKnownFileType = sourcecode.swift; path = AppDelegate.swift; sourceTree = "<group>"; };
		8905DF211FFF5438004EEAA5 /* ViewController.swift */ = {isa = PBXFileReference; lastKnownFileType = sourcecode.swift; path = ViewController.swift; sourceTree = "<group>"; };
		8905DF241FFF5438004EEAA5 /* Base */ = {isa = PBXFileReference; lastKnownFileType = file.storyboard; name = Base; path = Base.lproj/Main.storyboard; sourceTree = "<group>"; };
		8905DF271FFF5438004EEAA5 /* big1.xcdatamodel */ = {isa = PBXFileReference; lastKnownFileType = wrapper.xcdatamodel; path = big1.xcdatamodel; sourceTree = "<group>"; };
		8905DF291FFF5438004EEAA5 /* Assets.xcassets */ = {isa = PBXFileReference; lastKnownFileType = folder.assetcatalog; path = Assets.xcassets; sourceTree = "<group>"; };
		8905DF2C1FFF5438004EEAA5 /* Base */ = {isa = PBXFileReference; lastKnownFileType = file.storyboard; name = Base; path = Base.lproj/LaunchScreen.storyboard; sourceTree = "<group>"; };
		8905DF2E1FFF5438004EEAA5 /* Info.plist */ = {isa = PBXFileReference; lastKnownFileType = text.plist.xml; path = Info.plist; sourceTree = "<group>"; };
		8905DF331FFF5438004EEAA5 /* big1Tests.xctest */ = {isa = PBXFileReference; explicitFileType = wrapper.cfbundle; includeInIndex = 0; path = big1Tests.xctest; sourceTree = BUILT_PRODUCTS_DIR; };
		8905DF371FFF5438004EEAA5 /* big1Tests.swift */ = {isa = PBXFileReference; lastKnownFileType = sourcecode.swift; path = big1Tests.swift; sourceTree = "<group>"; };
		8905DF391FFF5438004EEAA5 /* Info.plist */ = {isa = PBXFileReference; lastKnownFileType = text.plist.xml; path = Info.plist; sourceTree = "<group>"; };
		8905DF3E1FFF5438004EEAA5 /* big1UITests.xctest */ = {isa = PBXFileReference; explicitFileType = wrapper.cfbundle; includeInIndex = 0; path = big1UITests.xctest; sourceTree = BUILT_PRODUCTS_DIR; };
		8905DF421FFF5438004EEAA5 /* big1UITests.swift */ = {isa = PBXFileReference; lastKnownFileType = sourcecode.swift; path = big1UITests.swift; sourceTree = "<group>"; };
		8905DF441FFF5438004EEAA5 /* Info.plist */ = {isa = PBXFileReference; lastKnownFileType = text.plist.xml; path = Info.plist; sourceTree = "<group>"; };
		B45225891FFF54FB000C83DD /* NewViewController.swift */ = {isa = PBXFileReference; fileEncoding = 4; lastKnownFileType = sourcecode.swift; path = NewViewController.swift; sourceTree = "<group>"; };
/* End PBXFileReference section */

/* Begin PBXFrameworksBuildPhase section */
		8905DF191FFF5438004EEAA5 /* Frameworks */ = {
			isa = PBXFrameworksBuildPhase;
			buildActionMask = 2147483647;
			files = (
			);
			runOnlyForDeploymentPostprocessing = 0;
		};
		8905DF301FFF5438004EEAA5 /* Frameworks */ = {
			isa = PBXFrameworksBuildPhase;
			buildActionMask = 2147483647;
			files = (
			);
			runOnlyForDeploymentPostprocessing = 0;
		};
		8905DF3B1FFF5438004EEAA5 /* Frameworks */ = {
			isa = PBXFrameworksBuildPhase;
			buildActionMask = 2147483647;
			files = (
			);
			runOnlyForDeploymentPostprocessing = 0;
		};
/* End PBXFrameworksBuildPhase section */

/* Begin PBXGroup section */
		8905DF131FFF5438004EEAA5 = {
			isa = PBXGroup;
			children = (
				8905DF1E1FFF5438004EEAA5 /* big1 */,
				8905DF361FFF5438004EEAA5 /* big1Tests */,
				8905DF411FFF5438004EEAA5 /* big1UITests */,
				8905DF1D1FFF5438004EEAA5 /* Products */,
			);
			sourceTree = "<group>";
		};
		8905DF1D1FFF5438004EEAA5 /* Products */ = {
			isa = PBXGroup;
			children = (
				8905DF1C1FFF5438004EEAA5 /* big1.app */,
				8905DF331FFF5438004EEAA5 /* big1Tests.xctest */,
				8905DF3E1FFF5438004EEAA5 /* big1UITests.xctest */,
			);
			name = Products;
			sourceTree = "<group>";
		};
		8905DF1E1FFF5438004EEAA5 /* big1 */ = {
			isa = PBXGroup;
			children = (
				8905DF1F1FFF5438004EEAA5 /* AppDelegate.swift */,
				8905DF211FFF5438004EEAA5 /* ViewController.swift */,
				8905DF231FFF5438004EEAA5 /* Main.storyboard */,
				B45225891FFF54FB000C83DD /* NewViewController.swift */,
				8905DF291FFF5438004EEAA5 /* Assets.xcassets */,
				8905DF2B1FFF5438004EEAA5 /* LaunchScreen.storyboard */,
				8905DF2E1FFF5438004EEAA5 /* Info.plist */,
				8905DF261FFF5438004EEAA5 /* big1.xcdatamodeld */,
			);
			path = big1;
			sourceTree = "<group>";
		};
		8905DF361FFF5438004EEAA5 /* big1Tests */ = {
			isa = PBXGroup;
			children = (
				8905DF371FFF5438004EEAA5 /* big1Tests.swift */,
				8905DF391FFF5438004EEAA5 /* Info.plist */,
			);
			path = big1Tests;
			sourceTree = "<group>";
		};
		8905DF411FFF5438004EEAA5 /* big1UITests */ = {
			isa = PBXGroup;
			children = (
				8905DF421FFF5438004EEAA5 /* big1UITests.swift */,
				8905DF441FFF5438004EEAA5 /* Info.plist */,
			);
			path = big1UITests;
			sourceTree = "<group>";
		};
/* End PBXGroup section */

/* Begin PBXNativeTarget section */
		8905DF1B1FFF5438004EEAA5 /* big1 */ = {
			isa = PBXNativeTarget;
			buildConfigurationList = 8905DF471FFF5438004EEAA5 /* Build configuration list for PBXNativeTarget "big1" */;
			buildPhases = (
				8905DF181FFF5438004EEAA5 /* Sources */,
				8905DF191FFF5438004EEAA5 /* Frameworks */,
				8905DF1A1FFF5438004EEAA5 /* Resources */,
			);
			buildRules = (
			);
			dependencies = (
			);
			name = big1;
			productName = big1;
			productReference = 8905DF1C1FFF5438004EEAA5 /* big1.app */;
			productType = "com.apple.product-type.application";
		};
		8905DF321FFF5438004EEAA5 /* big1Tests */ = {
			isa = PBXNativeTarget;
			buildConfigurationList = 8905DF4A1FFF5438004EEAA5 /* Build configuration list for PBXNativeTarget "big1Tests" */;
			buildPhases = (
				8905DF2F1FFF5438004EEAA5 /* Sources */,
				8905DF301FFF5438004EEAA5 /* Frameworks */,
				8905DF311FFF5438004EEAA5 /* Resources */,
			);
			buildRules = (
			);
			dependencies = (
				8905DF351FFF5438004EEAA5 /* PBXTargetDependency */,
			);
			name = big1Tests;
			productName = big1Tests;
			productReference = 8905DF331FFF5438004EEAA5 /* big1Tests.xctest */;
			productType = "com.apple.product-type.bundle.unit-test";
		};
		8905DF3D1FFF5438004EEAA5 /* big1UITests */ = {
			isa = PBXNativeTarget;
			buildConfigurationList = 8905DF4D1FFF5438004EEAA5 /* Build configuration list for PBXNativeTarget "big1UITests" */;
			buildPhases = (
				8905DF3A1FFF5438004EEAA5 /* Sources */,
				8905DF3B1FFF5438004EEAA5 /* Frameworks */,
				8905DF3C1FFF5438004EEAA5 /* Resources */,
			);
			buildRules = (
			);
			dependencies = (
				8905DF401FFF5438004EEAA5 /* PBXTargetDependency */,
			);
			name = big1UITests;
			productName = big1UITests;
			productReference = 8905DF3E1FFF5438004EEAA5 /* big1UITests.xctest */;
			productType = "com.apple.product-type.bundle.ui-testing";
		};
/* End PBXNativeTarget section */

/* Begin PBXProject section */
		8905DF141FFF5438004EEAA5 /* Project object */ = {
			isa = PBXProject;
			attributes = {
				LastSwiftUpdateCheck = 0830;
				LastUpgradeCheck = 0830;
				ORGANIZATIONNAME = szcszvx;
				TargetAttributes = {
					8905DF1B1FFF5438004EEAA5 = {
						CreatedOnToolsVersion = 8.3.3;
						ProvisioningStyle = Automatic;
					};
					8905DF321FFF5438004EEAA5 = {
						CreatedOnToolsVersion = 8.3.3;
						ProvisioningStyle = Automatic;
						TestTargetID = 8905DF1B1FFF5438004EEAA5;
					};
					8905DF3D1FFF5438004EEAA5 = {
						CreatedOnToolsVersion = 8.3.3;
						ProvisioningStyle = Automatic;
						TestTargetID = 8905DF1B1FFF5438004EEAA5;
					};
				};
			};
			buildConfigurationList = 8905DF171FFF5438004EEAA5 /* Build configuration list for PBXProject "big1" */;
			compatibilityVersion = "Xcode 3.2";
			developmentRegion = English;
			hasScannedForEncodings = 0;
			knownRegions = (
				en,
				Base,
			);
			mainGroup = 8905DF131FFF5438004EEAA5;
			productRefGroup = 8905DF1D1FFF5438004EEAA5 /* Products */;
			projectDirPath = "";
			projectRoot = "";
			targets = (
				8905DF1B1FFF5438004EEAA5 /* big1 */,
				8905DF321FFF5438004EEAA5 /* big1Tests */,
				8905DF3D1FFF5438004EEAA5 /* big1UITests */,
			);
		};
/* End PBXProject section */

/* Begin PBXResourcesBuildPhase section */
		8905DF1A1FFF5438004EEAA5 /* Resources */ = {
			isa = PBXResourcesBuildPhase;
			buildActionMask = 2147483647;
			files = (
				8905DF2D1FFF5438004EEAA5 /* LaunchScreen.storyboard in Resources */,
				8905DF2A1FFF5438004EEAA5 /* Assets.xcassets in Resources */,
				8905DF251FFF5438004EEAA5 /* Main.storyboard in Resources */,
			);
			runOnlyForDeploymentPostprocessing = 0;
		};
		8905DF311FFF5438004EEAA5 /* Resources */ = {
			isa = PBXResourcesBuildPhase;
			buildActionMask = 2147483647;
			files = (
			);
			runOnlyForDeploymentPostprocessing = 0;
		};
		8905DF3C1FFF5438004EEAA5 /* Resources */ = {
			isa = PBXResourcesBuildPhase;
			buildActionMask = 2147483647;
			files = (
			);
			runOnlyForDeploymentPostprocessing = 0;
		};
/* End PBXResourcesBuildPhase section */

/* Begin PBXSourcesBuildPhase section */
		8905DF181FFF5438004EEAA5 /* Sources */ = {
			isa = PBXSourcesBuildPhase;
			buildActionMask = 2147483647;
			files = (
				8905DF221FFF5438004EEAA5 /* ViewController.swift in Sources */,
				8905DF281FFF5438004EEAA5 /* big1.xcdatamodeld in Sources */,
				8905DF201FFF5438004EEAA5 /* AppDelegate.swift in Sources */,
				B452258A1FFF54FB000C83DD /* NewViewController.swift in Sources */,
			);
			runOnlyForDeploymentPostprocessing = 0;
		};
		8905DF2F1FFF5438004EEAA5 /* Sources */ = {
			isa = PBXSourcesBuildPhase;
			buildActionMask = 2147483647;
			files = (
				8905DF381FFF5438004EEAA5 /* big1Tests.swift in Sources */,
			);
			runOnlyForDeploymentPostprocessing = 0;
		};
		8905DF3A1FFF5438004EEAA5 /* Sources */ = {
			isa = PBXSourcesBuildPhase;
			buildActionMask = 2147483647;
			files = (
				8905DF431FFF5438004EEAA5 /* big1UITests.swift in Sources */,
			);
			runOnlyForDeploymentPostprocessing = 0;
		};
/* End PBXSourcesBuildPhase section */

/* Begin PBXTargetDependency section */
		8905DF351FFF5438004EEAA5 /* PBXTargetDependency */ = {
			isa = PBXTargetDependency;
			target = 8905DF1B1FFF5438004EEAA5 /* big1 */;
			targetProxy = 8905DF341FFF5438004EEAA5 /* PBXContainerItemProxy */;
		};
		8905DF401FFF5438004EEAA5 /* PBXTargetDependency */ = {
			isa = PBXTargetDependency;
			target = 8905DF1B1FFF5438004EEAA5 /* big1 */;
			targetProxy = 8905DF3F1FFF5438004EEAA5 /* PBXContainerItemProxy */;
		};
/* End PBXTargetDependency section */

/* Begin PBXVariantGroup section */
		8905DF231FFF5438004EEAA5 /* Main.storyboard */ = {
			isa = PBXVariantGroup;
			children = (
				8905DF241FFF5438004EEAA5 /* Base */,
			);
			name = Main.storyboard;
			sourceTree = "<group>";
		};
		8905DF2B1FFF5438004EEAA5 /* LaunchScreen.storyboard */ = {
			isa = PBXVariantGroup;
			children = (
				8905DF2C1FFF5438004EEAA5 /* Base */,
			);
			name = LaunchScreen.storyboard;
			sourceTree = "<group>";
		};
/* End PBXVariantGroup section */

/* Begin XCBuildConfiguration section */
		8905DF451FFF5438004EEAA5 /* Debug */ = {
			isa = XCBuildConfiguration;
			buildSettings = {
				ALWAYS_SEARCH_USER_PATHS = NO;
				CLANG_ANALYZER_NONNULL = YES;
				CLANG_ANALYZER_NUMBER_OBJECT_CONVERSION = YES_AGGRESSIVE;
				CLANG_CXX_LANGUAGE_STANDARD = "gnu++0x";
				CLANG_CXX_LIBRARY = "libc++";
				CLANG_ENABLE_MODULES = YES;
				CLANG_ENABLE_OBJC_ARC = YES;
				CLANG_WARN_BOOL_CONVERSION = YES;
				CLANG_WARN_CONSTANT_CONVERSION = YES;
				CLANG_WARN_DIRECT_OBJC_ISA_USAGE = YES_ERROR;
				CLANG_WARN_DOCUMENTATION_COMMENTS = YES;
				CLANG_WARN_EMPTY_BODY = YES;
				CLANG_WARN_ENUM_CONVERSION = YES;
				CLANG_WARN_INFINITE_RECURSION = YES;
				CLANG_WARN_INT_CONVERSION = YES;
				CLANG_WARN_OBJC_ROOT_CLASS = YES_ERROR;
				CLANG_WARN_SUSPICIOUS_MOVE = YES;
				CLANG_WARN_UNREACHABLE_CODE = YES;
				CLANG_WARN__DUPLICATE_METHOD_MATCH = YES;
				"CODE_SIGN_IDENTITY[sdk=iphoneos*]" = "iPhone Developer";
				COPY_PHASE_STRIP = NO;
				DEBUG_INFORMATION_FORMAT = dwarf;
				ENABLE_STRICT_OBJC_MSGSEND = YES;
				ENABLE_TESTABILITY = YES;
				GCC_C_LANGUAGE_STANDARD = gnu99;
				GCC_DYNAMIC_NO_PIC = NO;
				GCC_NO_COMMON_BLOCKS = YES;
				GCC_OPTIMIZATION_LEVEL = 0;
				GCC_PREPROCESSOR_DEFINITIONS = (
					"DEBUG=1",
					"$(inherited)",
				);
				GCC_WARN_64_TO_32_BIT_CONVERSION = YES;
				GCC_WARN_ABOUT_RETURN_TYPE = YES_ERROR;
				GCC_WARN_UNDECLARED_SELECTOR = YES;
				GCC_WARN_UNINITIALIZED_AUTOS = YES_AGGRESSIVE;
				GCC_WARN_UNUSED_FUNCTION = YES;
				GCC_WARN_UNUSED_VARIABLE = YES;
				IPHONEOS_DEPLOYMENT_TARGET = 10.3;
				MTL_ENABLE_DEBUG_INFO = YES;
				ONLY_ACTIVE_ARCH = YES;
				SDKROOT = iphoneos;
				SWIFT_ACTIVE_COMPILATION_CONDITIONS = DEBUG;
				SWIFT_OPTIMIZATION_LEVEL = "-Onone";
				TARGETED_DEVICE_FAMILY = "1,2";
			};
			name = Debug;
		};
		8905DF461FFF5438004EEAA5 /* Release */ = {
			isa = XCBuildConfiguration;
			buildSettings = {
				ALWAYS_SEARCH_USER_PATHS = NO;
				CLANG_ANALYZER_NONNULL = YES;
				CLANG_ANALYZER_NUMBER_OBJECT_CONVERSION = YES_AGGRESSIVE;
				CLANG_CXX_LANGUAGE_STANDARD = "gnu++0x";
				CLANG_CXX_LIBRARY = "libc++";
				CLANG_ENABLE_MODULES = YES;
				CLANG_ENABLE_OBJC_ARC = YES;
				CLANG_WARN_BOOL_CONVERSION = YES;
				CLANG_WARN_CONSTANT_CONVERSION = YES;
				CLANG_WARN_DIRECT_OBJC_ISA_USAGE = YES_ERROR;
				CLANG_WARN_DOCUMENTATION_COMMENTS = YES;
				CLANG_WARN_EMPTY_BODY = YES;
				CLANG_WARN_ENUM_CONVERSION = YES;
				CLANG_WARN_INFINITE_RECURSION = YES;
				CLANG_WARN_INT_CONVERSION = YES;
				CLANG_WARN_OBJC_ROOT_CLASS = YES_ERROR;
				CLANG_WARN_SUSPICIOUS_MOVE = YES;
				CLANG_WARN_UNREACHABLE_CODE = YES;
				CLANG_WARN__DUPLICATE_METHOD_MATCH = YES;
				"CODE_SIGN_IDENTITY[sdk=iphoneos*]" = "iPhone Developer";
				COPY_PHASE_STRIP = NO;
				DEBUG_INFORMATION_FORMAT = "dwarf-with-dsym";
				ENABLE_NS_ASSERTIONS = NO;
				ENABLE_STRICT_OBJC_MSGSEND = YES;
				GCC_C_LANGUAGE_STANDARD = gnu99;
				GCC_NO_COMMON_BLOCKS = YES;
				GCC_WARN_64_TO_32_BIT_CONVERSION = YES;
				GCC_WARN_ABOUT_RETURN_TYPE = YES_ERROR;
				GCC_WARN_UNDECLARED_SELECTOR = YES;
				GCC_WARN_UNINITIALIZED_AUTOS = YES_AGGRESSIVE;
				GCC_WARN_UNUSED_FUNCTION = YES;
				GCC_WARN_UNUSED_VARIABLE = YES;
				IPHONEOS_DEPLOYMENT_TARGET = 10.3;
				MTL_ENABLE_DEBUG_INFO = NO;
				SDKROOT = iphoneos;
				SWIFT_OPTIMIZATION_LEVEL = "-Owholemodule";
				TARGETED_DEVICE_FAMILY = "1,2";
				VALIDATE_PRODUCT = YES;
			};
			name = Release;
		};
		8905DF481FFF5438004EEAA5 /* Debug */ = {
			isa = XCBuildConfiguration;
			buildSettings = {
				ASSETCATALOG_COMPILER_APPICON_NAME = AppIcon;
				INFOPLIST_FILE = big1/Info.plist;
				LD_RUNPATH_SEARCH_PATHS = "$(inherited) @executable_path/Frameworks";
				PRODUCT_BUNDLE_IDENTIFIER = zvcxbcxvb.big1;
				PRODUCT_NAME = "$(TARGET_NAME)";
				SWIFT_VERSION = 3.0;
			};
			name = Debug;
		};
		8905DF491FFF5438004EEAA5 /* Release */ = {
			isa = XCBuildConfiguration;
			buildSettings = {
				ASSETCATALOG_COMPILER_APPICON_NAME = AppIcon;
				INFOPLIST_FILE = big1/Info.plist;
				LD_RUNPATH_SEARCH_PATHS = "$(inherited) @executable_path/Frameworks";
				PRODUCT_BUNDLE_IDENTIFIER = zvcxbcxvb.big1;
				PRODUCT_NAME = "$(TARGET_NAME)";
				SWIFT_VERSION = 3.0;
			};
			name = Release;
		};
		8905DF4B1FFF5438004EEAA5 /* Debug */ = {
			isa = XCBuildConfiguration;
			buildSettings = {
				ALWAYS_EMBED_SWIFT_STANDARD_LIBRARIES = YES;
				BUNDLE_LOADER = "$(TEST_HOST)";
				INFOPLIST_FILE = big1Tests/Info.plist;
				LD_RUNPATH_SEARCH_PATHS = "$(inherited) @executable_path/Frameworks @loader_path/Frameworks";
				PRODUCT_BUNDLE_IDENTIFIER = zvcxbcxvb.big1Tests;
				PRODUCT_NAME = "$(TARGET_NAME)";
				SWIFT_VERSION = 3.0;
				TEST_HOST = "$(BUILT_PRODUCTS_DIR)/big1.app/big1";
			};
			name = Debug;
		};
		8905DF4C1FFF5438004EEAA5 /* Release */ = {
			isa = XCBuildConfiguration;
			buildSettings = {
				ALWAYS_EMBED_SWIFT_STANDARD_LIBRARIES = YES;
				BUNDLE_LOADER = "$(TEST_HOST)";
				INFOPLIST_FILE = big1Tests/Info.plist;
				LD_RUNPATH_SEARCH_PATHS = "$(inherited) @executable_path/Frameworks @loader_path/Frameworks";
				PRODUCT_BUNDLE_IDENTIFIER = zvcxbcxvb.big1Tests;
				PRODUCT_NAME = "$(TARGET_NAME)";
				SWIFT_VERSION = 3.0;
				TEST_HOST = "$(BUILT_PRODUCTS_DIR)/big1.app/big1";
			};
			name = Release;
		};
		8905DF4E1FFF5438004EEAA5 /* Debug */ = {
			isa = XCBuildConfiguration;
			buildSettings = {
				ALWAYS_EMBED_SWIFT_STANDARD_LIBRARIES = YES;
				INFOPLIST_FILE = big1UITests/Info.plist;
				LD_RUNPATH_SEARCH_PATHS = "$(inherited) @executable_path/Frameworks @loader_path/Frameworks";
				PRODUCT_BUNDLE_IDENTIFIER = zvcxbcxvb.big1UITests;
				PRODUCT_NAME = "$(TARGET_NAME)";
				SWIFT_VERSION = 3.0;
				TEST_TARGET_NAME = big1;
			};
			name = Debug;
		};
		8905DF4F1FFF5438004EEAA5 /* Release */ = {
			isa = XCBuildConfiguration;
			buildSettings = {
				ALWAYS_EMBED_SWIFT_STANDARD_LIBRARIES = YES;
				INFOPLIST_FILE = big1UITests/Info.plist;
				LD_RUNPATH_SEARCH_PATHS = "$(inherited) @executable_path/Frameworks @loader_path/Frameworks";
				PRODUCT_BUNDLE_IDENTIFIER = zvcxbcxvb.big1UITests;
				PRODUCT_NAME = "$(TARGET_NAME)";
				SWIFT_VERSION = 3.0;
				TEST_TARGET_NAME = big1;
			};
			name = Release;
		};
/* End XCBuildConfiguration section */

/* Begin XCConfigurationList section */
		8905DF171FFF5438004EEAA5 /* Build configuration list for PBXProject "big1" */ = {
			isa = XCConfigurationList;
			buildConfigurations = (
				8905DF451FFF5438004EEAA5 /* Debug */,
				8905DF461FFF5438004EEAA5 /* Release */,
			);
			defaultConfigurationIsVisible = 0;
			defaultConfigurationName = Release;
		};
		8905DF471FFF5438004EEAA5 /* Build configuration list for PBXNativeTarget "big1" */ = {
			isa = XCConfigurationList;
			buildConfigurations = (
				8905DF481FFF5438004EEAA5 /* Debug */,
				8905DF491FFF5438004EEAA5 /* Release */,
			);
			defaultConfigurationIsVisible = 0;
			defaultConfigurationName = Release;
		};
		8905DF4A1FFF5438004EEAA5 /* Build configuration list for PBXNativeTarget "big1Tests" */ = {
			isa = XCConfigurationList;
			buildConfigurations = (
				8905DF4B1FFF5438004EEAA5 /* Debug */,
				8905DF4C1FFF5438004EEAA5 /* Release */,
			);
			defaultConfigurationIsVisible = 0;
			defaultConfigurationName = Release;
		};
		8905DF4D1FFF5438004EEAA5 /* Build configuration list for PBXNativeTarget "big1UITests" */ = {
			isa = XCConfigurationList;
			buildConfigurations = (
				8905DF4E1FFF5438004EEAA5 /* Debug */,
				8905DF4F1FFF5438004EEAA5 /* Release */,
			);
			defaultConfigurationIsVisible = 0;
			defaultConfigurationName = Release;
		};
/* End XCConfigurationList section */

/* Begin XCVersionGroup section */
		8905DF261FFF5438004EEAA5 /* big1.xcdatamodeld */ = {
			isa = XCVersionGroup;
			children = (
				8905DF271FFF5438004EEAA5 /* big1.xcdatamodel */,
			);
			currentVersion = 8905DF271FFF5438004EEAA5 /* big1.xcdatamodel */;
			path = big1.xcdatamodeld;
			sourceTree = "<group>";
			versionGroupType = wrapper.xcdatamodel;
		};
/* End XCVersionGroup section */
	};
	rootObject = 8905DF141FFF5438004EEAA5 /* Project object */;
}
